
Microsoft Visual Studio Solution File, Format Version 12.00
# Visual Studio Version 17
VisualStudioVersion = 17.7.34003.232
MinimumVisualStudioVersion = 10.0.40219.1
Project("{FAE04EC0-301F-11D3-BF4B-00C04F79EFBC}") = "ravi", "ravi\ravi.csproj", "{C05D07FD-8508-4B66-B739-9B3F97386ADC}"
EndProject
Global
	GlobalSection(SolutionConfigurationPlatforms) = preSolution
		Debug|Any CPU = Debug|Any CPU
		Release|Any CPU = Release|Any CPU
	EndGlobalSection
	GlobalSection(ProjectConfigurationPlatforms) = postSolution
		{C05D07FD-8508-4B66-B739-9B3F97386ADC}.Debug|Any CPU.ActiveCfg = Debug|Any CPU
		{C05D07FD-8508-4B66-B739-9B3F97386ADC}.Debug|Any CPU.Build.0 = Debug|Any CPU
		{C05D07FD-8508-4B66-B739-9B3F97386ADC}.Release|Any CPU.ActiveCfg = Release|Any CPU
		{C05D07FD-8508-4B66-B739-9B3F97386ADC}.Release|Any CPU.Build.0 = Release|Any CPU
	EndGlobalSection
	GlobalSection(SolutionProperties) = preSolution
		HideSolutionNode = FALSE
	EndGlobalSection
	GlobalSection(ExtensibilityGlobals) = postSolution
		SolutionGuid = {97BA19A3-642A-4154-9960-C6E705F32297}
	EndGlobalSection
EndGlobal
